// !$*UTF8*$!
{
	archiveVersion = 1;
	classes = {
	};
	objectVersion = 50;
	objects = {

/* Begin PBXBuildFile section */
		C4438F7322F3D51D004C7AB1 /* AppDelegate.m in Sources */ = {isa = PBXBuildFile; fileRef = C4438F7222F3D51D004C7AB1 /* AppDelegate.m */; };
		C4438F7622F3D51D004C7AB1 /* ViewController.m in Sources */ = {isa = PBXBuildFile; fileRef = C4438F7522F3D51D004C7AB1 /* ViewController.m */; };
		C4438F7922F3D51D004C7AB1 /* Main.storyboard in Resources */ = {isa = PBXBuildFile; fileRef = C4438F7722F3D51D004C7AB1 /* Main.storyboard */; };
		C4438F7B22F3D51F004C7AB1 /* Assets.xcassets in Resources */ = {isa = PBXBuildFile; fileRef = C4438F7A22F3D51F004C7AB1 /* Assets.xcassets */; };
		C4438F7E22F3D51F004C7AB1 /* LaunchScreen.storyboard in Resources */ = {isa = PBXBuildFile; fileRef = C4438F7C22F3D51F004C7AB1 /* LaunchScreen.storyboard */; };
		C4438F8122F3D51F004C7AB1 /* main.m in Sources */ = {isa = PBXBuildFile; fileRef = C4438F8022F3D51F004C7AB1 /* main.m */; };
/* End PBXBuildFile section */

/* Begin PBXFileReference section */
		C4438F6E22F3D51D004C7AB1 /* XSWebRTCProj.app */ = {isa = PBXFileReference; explicitFileType = wrapper.application; includeInIndex = 0; path = XSWebRTCProj.app; sourceTree = BUILT_PRODUCTS_DIR; };
		C4438F7122F3D51D004C7AB1 /* AppDelegate.h */ = {isa = PBXFileReference; lastKnownFileType = sourcecode.c.h; path = AppDelegate.h; sourceTree = "<group>"; };
		C4438F7222F3D51D004C7AB1 /* AppDelegate.m */ = {isa = PBXFileReference; lastKnownFileType = sourcecode.c.objc; path = AppDelegate.m; sourceTree = "<group>"; };
		C4438F7422F3D51D004C7AB1 /* ViewController.h */ = {isa = PBXFileReference; lastKnownFileType = sourcecode.c.h; path = ViewController.h; sourceTree = "<group>"; };
		C4438F7522F3D51D004C7AB1 /* ViewController.m */ = {isa = PBXFileReference; lastKnownFileType = sourcecode.c.objc; path = ViewController.m; sourceTree = "<group>"; };
		C4438F7822F3D51D004C7AB1 /* Base */ = {isa = PBXFileReference; lastKnownFileType = file.storyboard; name = Base; path = Base.lproj/Main.storyboard; sourceTree = "<group>"; };
		C4438F7A22F3D51F004C7AB1 /* Assets.xcassets */ = {isa = PBXFileReference; lastKnownFileType = folder.assetcatalog; path = Assets.xcassets; sourceTree = "<group>"; };
		C4438F7D22F3D51F004C7AB1 /* Base */ = {isa = PBXFileReference; lastKnownFileType = file.storyboard; name = Base; path = Base.lproj/LaunchScreen.storyboard; sourceTree = "<group>"; };
		C4438F7F22F3D51F004C7AB1 /* Info.plist */ = {isa = PBXFileReference; lastKnownFileType = text.plist.xml; path = Info.plist; sourceTree = "<group>"; };
		C4438F8022F3D51F004C7AB1 /* main.m */ = {isa = PBXFileReference; lastKnownFileType = sourcecode.c.objc; path = main.m; sourceTree = "<group>"; };
/* End PBXFileReference section */

/* Begin PBXFrameworksBuildPhase section */
		C4438F6B22F3D51D004C7AB1 /* Frameworks */ = {
			isa = PBXFrameworksBuildPhase;
			buildActionMask = 2147483647;
			files = (
			);
			runOnlyForDeploymentPostprocessing = 0;
		};
/* End PBXFrameworksBuildPhase section */

/* Begin PBXGroup section */
		C4438F6522F3D51D004C7AB1 = {
			isa = PBXGroup;
			children = (
				C4438F7022F3D51D004C7AB1 /* XSWebRTCProj */,
				C4438F6F22F3D51D004C7AB1 /* Products */,
			);
			sourceTree = "<group>";
		};
		C4438F6F22F3D51D004C7AB1 /* Products */ = {
			isa = PBXGroup;
			children = (
				C4438F6E22F3D51D004C7AB1 /* XSWebRTCProj.app */,
			);
			name = Products;
			sourceTree = "<group>";
		};
		C4438F7022F3D51D004C7AB1 /* XSWebRTCProj */ = {
			isa = PBXGroup;
			children = (
				C4438F7122F3D51D004C7AB1 /* AppDelegate.h */,
				C4438F7222F3D51D004C7AB1 /* AppDelegate.m */,
				C4438F7422F3D51D004C7AB1 /* ViewController.h */,
				C4438F7522F3D51D004C7AB1 /* ViewController.m */,
				C4438F7722F3D51D004C7AB1 /* Main.storyboard */,
				C4438F7A22F3D51F004C7AB1 /* Assets.xcassets */,
				C4438F7C22F3D51F004C7AB1 /* LaunchScreen.storyboard */,
				C4438F7F22F3D51F004C7AB1 /* Info.plist */,
				C4438F8022F3D51F004C7AB1 /* main.m */,
			);
			path = XSWebRTCProj;
			sourceTree = "<group>";
		};
/* End PBXGroup section */

/* Begin PBXNativeTarget section */
		C4438F6D22F3D51D004C7AB1 /* XSWebRTCProj */ = {
			isa = PBXNativeTarget;
			buildConfigurationList = C4438F8422F3D51F004C7AB1 /* Build configuration list for PBXNativeTarget "XSWebRTCProj" */;
			buildPhases = (
				C4438F6A22F3D51D004C7AB1 /* Sources */,
				C4438F6B22F3D51D004C7AB1 /* Frameworks */,
				C4438F6C22F3D51D004C7AB1 /* Resources */,
			);
			buildRules = (
			);
			dependencies = (
			);
			name = XSWebRTCProj;
			productName = XSWebRTCProj;
			productReference = C4438F6E22F3D51D004C7AB1 /* XSWebRTCProj.app */;
			productType = "com.apple.product-type.application";
		};
/* End PBXNativeTarget section */

/* Begin PBXProject section */
		C4438F6622F3D51D004C7AB1 /* Project object */ = {
			isa = PBXProject;
			attributes = {
				LastUpgradeCheck = 0940;
				ORGANIZATIONNAME = Sean.com;
				TargetAttributes = {
					C4438F6D22F3D51D004C7AB1 = {
						CreatedOnToolsVersion = 9.4.1;
					};
				};
			};
			buildConfigurationList = C4438F6922F3D51D004C7AB1 /* Build configuration list for PBXProject "XSWebRTCProj" */;
			compatibilityVersion = "Xcode 9.3";
			developmentRegion = en;
			hasScannedForEncodings = 0;
			knownRegions = (
				en,
				Base,
			);
			mainGroup = C4438F6522F3D51D004C7AB1;
			productRefGroup = C4438F6F22F3D51D004C7AB1 /* Products */;
			projectDirPath = "";
			projectRoot = "";
			targets = (
				C4438F6D22F3D51D004C7AB1 /* XSWebRTCProj */,
			);
		};
/* End PBXProject section */

/* Begin PBXResourcesBuildPhase section */
		C4438F6C22F3D51D004C7AB1 /* Resources */ = {
			isa = PBXResourcesBuildPhase;
			buildActionMask = 2147483647;
			files = (
				C4438F7E22F3D51F004C7AB1 /* LaunchScreen.storyboard in Resources */,
				C4438F7B22F3D51F004C7AB1 /* Assets.xcassets in Resources */,
				C4438F7922F3D51D004C7AB1 /* Main.storyboard in Resources */,
			);
			runOnlyForDeploymentPostprocessing = 0;
		};
/* End PBXResourcesBuildPhase section */

/* Begin PBXSourcesBuildPhase section */
		C4438F6A22F3D51D004C7AB1 /* Sources */ = {
			isa = PBXSourcesBuildPhase;
			buildActionMask = 2147483647;
			files = (
				C4438F7622F3D51D004C7AB1 /* ViewController.m in Sources */,
				C4438F8122F3D51F004C7AB1 /* main.m in Sources */,
				C4438F7322F3D51D004C7AB1 /* AppDelegate.m in Sources */,
			);
			runOnlyForDeploymentPostprocessing = 0;
		};
/* End PBXSourcesBuildPhase section */

/* Begin PBXVariantGroup section */
		C4438F7722F3D51D004C7AB1 /* Main.storyboard */ = {
			isa = PBXVariantGroup;
			children = (
				C4438F7822F3D51D004C7AB1 /* Base */,
			);
			name = Main.storyboard;
			sourceTree = "<group>";
		};
		C4438F7C22F3D51F004C7AB1 /* LaunchScreen.storyboard */ = {
			isa = PBXVariantGroup;
			children = (
				C4438F7D22F3D51F004C7AB1 /* Base */,
			);
			name = LaunchScreen.storyboard;
			sourceTree = "<group>";
		};
/* End PBXVariantGroup section */

/* Begin XCBuildConfiguration section */
		C4438F8222F3D51F004C7AB1 /* Debug */ = {
			isa = XCBuildConfiguration;
			buildSettings = {
				ALWAYS_SEARCH_USER_PATHS = NO;
				CLANG_ANALYZER_NONNULL = YES;
				CLANG_ANALYZER_NUMBER_OBJECT_CONVERSION = YES_AGGRESSIVE;
				CLANG_CXX_LANGUAGE_STANDARD = "gnu++14";
				CLANG_CXX_LIBRARY = "libc++";
				CLANG_ENABLE_MODULES = YES;
				CLANG_ENABLE_OBJC_ARC = YES;
				CLANG_ENABLE_OBJC_WEAK = YES;
				CLANG_WARN_BLOCK_CAPTURE_AUTORELEASING = YES;
				CLANG_WARN_BOOL_CONVERSION = YES;
				CLANG_WARN_COMMA = YES;
				CLANG_WARN_CONSTANT_CONVERSION = YES;
				CLANG_WARN_DEPRECATED_OBJC_IMPLEMENTATIONS = YES;
				CLANG_WARN_DIRECT_OBJC_ISA_USAGE = YES_ERROR;
				CLANG_WARN_DOCUMENTATION_COMMENTS = YES;
				CLANG_WARN_EMPTY_BODY = YES;
				CLANG_WARN_ENUM_CONVERSION = YES;
				CLANG_WARN_INFINITE_RECURSION = YES;
				CLANG_WARN_INT_CONVERSION = YES;
				CLANG_WARN_NON_LITERAL_NULL_CONVERSION = YES;
				CLANG_WARN_OBJC_IMPLICIT_RETAIN_SELF = YES;
				CLANG_WARN_OBJC_LITERAL_CONVERSION = YES;
				CLANG_WARN_OBJC_ROOT_CLASS = YES_ERROR;
				CLANG_WARN_RANGE_LOOP_ANALYSIS = YES;
				CLANG_WARN_STRICT_PROTOTYPES = YES;
				CLANG_WARN_SUSPICIOUS_MOVE = YES;
				CLANG_WARN_UNGUARDED_AVAILABILITY = YES_AGGRESSIVE;
				CLANG_WARN_UNREACHABLE_CODE = YES;
				CLANG_WARN__DUPLICATE_METHOD_MATCH = YES;
				CODE_SIGN_IDENTITY = "iPhone Developer";
				COPY_PHASE_STRIP = NO;
				DEBUG_INFORMATION_FORMAT = dwarf;
				ENABLE_STRICT_OBJC_MSGSEND = YES;
				ENABLE_TESTABILITY = YES;
				GCC_C_LANGUAGE_STANDARD = gnu11;
				GCC_DYNAMIC_NO_PIC = NO;
				GCC_NO_COMMON_BLOCKS = YES;
				GCC_OPTIMIZATION_LEVEL = 0;
				GCC_PREPROCESSOR_DEFINITIONS = (
					"DEBUG=1",
					"$(inherited)",
				);
				GCC_WARN_64_TO_32_BIT_CONVERSION = YES;
				GCC_WARN_ABOUT_RETURN_TYPE = YES_ERROR;
				GCC_WARN_UNDECLARED_SELECTOR = YES;
				GCC_WARN_UNINITIALIZED_AUTOS = YES_AGGRESSIVE;
				GCC_WARN_UNUSED_FUNCTION = YES;
				GCC_WARN_UNUSED_VARIABLE = YES;
				IPHONEOS_DEPLOYMENT_TARGET = 11.4;
				MTL_ENABLE_DEBUG_INFO = YES;
				ONLY_ACTIVE_ARCH = YES;
				SDKROOT = iphoneos;
			};
			name = Debug;
		};
		C4438F8322F3D51F004C7AB1 /* Release */ = {
			isa = XCBuildConfiguration;
			buildSettings = {
				ALWAYS_SEARCH_USER_PATHS = NO;
				CLANG_ANALYZER_NONNULL = YES;
				CLANG_ANALYZER_NUMBER_OBJECT_CONVERSION = YES_AGGRESSIVE;
				CLANG_CXX_LANGUAGE_STANDARD = "gnu++14";
				CLANG_CXX_LIBRARY = "libc++";
				CLANG_ENABLE_MODULES = YES;
				CLANG_ENABLE_OBJC_ARC = YES;
				CLANG_ENABLE_OBJC_WEAK = YES;
				CLANG_WARN_BLOCK_CAPTURE_AUTORELEASING = YES;
				CLANG_WARN_BOOL_CONVERSION = YES;
				CLANG_WARN_COMMA = YES;
				CLANG_WARN_CONSTANT_CONVERSION = YES;
				CLANG_WARN_DEPRECATED_OBJC_IMPLEMENTATIONS = YES;
				CLANG_WARN_DIRECT_OBJC_ISA_USAGE = YES_ERROR;
				CLANG_WARN_DOCUMENTATION_COMMENTS = YES;
				CLANG_WARN_EMPTY_BODY = YES;
				CLANG_WARN_ENUM_CONVERSION = YES;
				CLANG_WARN_INFINITE_RECURSION = YES;
				CLANG_WARN_INT_CONVERSION = YES;
				CLANG_WARN_NON_LITERAL_NULL_CONVERSION = YES;
				CLANG_WARN_OBJC_IMPLICIT_RETAIN_SELF = YES;
				CLANG_WARN_OBJC_LITERAL_CONVERSION = YES;
				CLANG_WARN_OBJC_ROOT_CLASS = YES_ERROR;
				CLANG_WARN_RANGE_LOOP_ANALYSIS = YES;
				CLANG_WARN_STRICT_PROTOTYPES = YES;
				CLANG_WARN_SUSPICIOUS_MOVE = YES;
				CLANG_WARN_UNGUARDED_AVAILABILITY = YES_AGGRESSIVE;
				CLANG_WARN_UNREACHABLE_CODE = YES;
				CLANG_WARN__DUPLICATE_METHOD_MATCH = YES;
				CODE_SIGN_IDENTITY = "iPhone Developer";
				COPY_PHASE_STRIP = NO;
				DEBUG_INFORMATION_FORMAT = "dwarf-with-dsym";
				ENABLE_NS_ASSERTIONS = NO;
				ENABLE_STRICT_OBJC_MSGSEND = YES;
				GCC_C_LANGUAGE_STANDARD = gnu11;
				GCC_NO_COMMON_BLOCKS = YES;
				GCC_WARN_64_TO_32_BIT_CONVERSION = YES;
				GCC_WARN_ABOUT_RETURN_TYPE = YES_ERROR;
				GCC_WARN_UNDECLARED_SELECTOR = YES;
				GCC_WARN_UNINITIALIZED_AUTOS = YES_AGGRESSIVE;
				GCC_WARN_UNUSED_FUNCTION = YES;
				GCC_WARN_UNUSED_VARIABLE = YES;
				IPHONEOS_DEPLOYMENT_TARGET = 11.4;
				MTL_ENABLE_DEBUG_INFO = NO;
				SDKROOT = iphoneos;
				VALIDATE_PRODUCT = YES;
			};
			name = Release;
		};
		C4438F8522F3D51F004C7AB1 /* Debug */ = {
			isa = XCBuildConfiguration;
			buildSettings = {
				ASSETCATALOG_COMPILER_APPICON_NAME = AppIcon;
				CODE_SIGN_STYLE = Automatic;
				DEVELOPMENT_TEAM = F67ZAS34BD;
				INFOPLIST_FILE = XSWebRTCProj/Info.plist;
				LD_RUNPATH_SEARCH_PATHS = (
					"$(inherited)",
					"@executable_path/Frameworks",
				);
				PRODUCT_BUNDLE_IDENTIFIER = Sean.XSWebRTCProj;
				PRODUCT_NAME = "$(TARGET_NAME)";
				TARGETED_DEVICE_FAMILY = "1,2";
			};
			name = Debug;
		};
		C4438F8622F3D51F004C7AB1 /* Release */ = {
			isa = XCBuildConfiguration;
			buildSettings = {
				ASSETCATALOG_COMPILER_APPICON_NAME = AppIcon;
				CODE_SIGN_STYLE = Automatic;
				DEVELOPMENT_TEAM = F67ZAS34BD;
				INFOPLIST_FILE = XSWebRTCProj/Info.plist;
				LD_RUNPATH_SEARCH_PATHS = (
					"$(inherited)",
					"@executable_path/Frameworks",
				);
				PRODUCT_BUNDLE_IDENTIFIER = Sean.XSWebRTCProj;
				PRODUCT_NAME = "$(TARGET_NAME)";
				TARGETED_DEVICE_FAMILY = "1,2";
			};
			name = Release;
		};
/* End XCBuildConfiguration section */

/* Begin XCConfigurationList section */
		C4438F6922F3D51D004C7AB1 /* Build configuration list for PBXProject "XSWebRTCProj" */ = {
			isa = XCConfigurationList;
			buildConfigurations = (
				C4438F8222F3D51F004C7AB1 /* Debug */,
				C4438F8322F3D51F004C7AB1 /* Release */,
			);
			defaultConfigurationIsVisible = 0;
			defaultConfigurationName = Release;
		};
		C4438F8422F3D51F004C7AB1 /* Build configuration list for PBXNativeTarget "XSWebRTCProj" */ = {
			isa = XCConfigurationList;
			buildConfigurations = (
				C4438F8522F3D51F004C7AB1 /* Debug */,
				C4438F8622F3D51F004C7AB1 /* Release */,
			);
			defaultConfigurationIsVisible = 0;
			defaultConfigurationName = Release;
		};
/* End XCConfigurationList section */
	};
	rootObject = C4438F6622F3D51D004C7AB1 /* Project object */;
}
